
Microsoft Visual Studio Solution File, Format Version 12.00
# Visual Studio 15
VisualStudioVersion = 15.0.28307.136
MinimumVisualStudioVersion = 10.0.40219.1
Project("{FAE04EC0-301F-11D3-BF4B-00C04F79EFBC}") = "WebCoreNetApi", "WebCoreNetApi\WebCoreNetApi.csproj", "{2C74F5B2-974C-4551-82F8-FFAFB2EF2AC9}"
EndProject
Global
	GlobalSection(SolutionConfigurationPlatforms) = preSolution
		Debug|Any CPU = Debug|Any CPU
		Release|Any CPU = Release|Any CPU
	EndGlobalSection
	GlobalSection(ProjectConfigurationPlatforms) = postSolution
		{2C74F5B2-974C-4551-82F8-FFAFB2EF2AC9}.Debug|Any CPU.ActiveCfg = Debug|Any CPU
		{2C74F5B2-974C-4551-82F8-FFAFB2EF2AC9}.Debug|Any CPU.Build.0 = Debug|Any CPU
		{2C74F5B2-974C-4551-82F8-FFAFB2EF2AC9}.Release|Any CPU.ActiveCfg = Release|Any CPU
		{2C74F5B2-974C-4551-82F8-FFAFB2EF2AC9}.Release|Any CPU.Build.0 = Release|Any CPU
	EndGlobalSection
	GlobalSection(SolutionProperties) = preSolution
		HideSolutionNode = FALSE
	EndGlobalSection
	GlobalSection(ExtensibilityGlobals) = postSolution
		SolutionGuid = {2B9EEABF-D254-405E-99DF-261740AEC420}
	EndGlobalSection
EndGlobal
